
Microsoft Visual Studio Solution File, Format Version 12.00
# Visual Studio Version 16
VisualStudioVersion = 16.0.29411.108
MinimumVisualStudioVersion = 10.0.40219.1
Project("{FAE04EC0-301F-11D3-BF4B-00C04F79EFBC}") = "ScritturaFileThread", "ScritturaFileThread\ScritturaFileThread.csproj", "{B0DBA24D-4E49-417F-9151-17FE0F581F8C}"
EndProject
Global
	GlobalSection(SolutionConfigurationPlatforms) = preSolution
		Debug|Any CPU = Debug|Any CPU
		Release|Any CPU = Release|Any CPU
	EndGlobalSection
	GlobalSection(ProjectConfigurationPlatforms) = postSolution
		{B0DBA24D-4E49-417F-9151-17FE0F581F8C}.Debug|Any CPU.ActiveCfg = Debug|Any CPU
		{B0DBA24D-4E49-417F-9151-17FE0F581F8C}.Debug|Any CPU.Build.0 = Debug|Any CPU
		{B0DBA24D-4E49-417F-9151-17FE0F581F8C}.Release|Any CPU.ActiveCfg = Release|Any CPU
		{B0DBA24D-4E49-417F-9151-17FE0F581F8C}.Release|Any CPU.Build.0 = Release|Any CPU
	EndGlobalSection
	GlobalSection(SolutionProperties) = preSolution
		HideSolutionNode = FALSE
	EndGlobalSection
	GlobalSection(ExtensibilityGlobals) = postSolution
		SolutionGuid = {4E0AEE81-352D-4611-A382-7843FC0F2D40}
	EndGlobalSection
EndGlobal
